
Microsoft Visual Studio Solution File, Format Version 12.00
# Visual Studio Version 17
VisualStudioVersion = 17.14.36511.14 d17.14
MinimumVisualStudioVersion = 10.0.40219.1
Project("{FAE04EC0-301F-11D3-BF4B-00C04F79EFBC}") = "Marketplace", "Marketplace\Marketplace.csproj", "{44F4F9CE-CB97-4122-BF75-8F39D08F4AF9}"
EndProject
Global
	GlobalSection(SolutionConfigurationPlatforms) = preSolution
		Debug|Any CPU = Debug|Any CPU
		Release|Any CPU = Release|Any CPU
	EndGlobalSection
	GlobalSection(ProjectConfigurationPlatforms) = postSolution
		{44F4F9CE-CB97-4122-BF75-8F39D08F4AF9}.Debug|Any CPU.ActiveCfg = Debug|Any CPU
		{44F4F9CE-CB97-4122-BF75-8F39D08F4AF9}.Debug|Any CPU.Build.0 = Debug|Any CPU
		{44F4F9CE-CB97-4122-BF75-8F39D08F4AF9}.Release|Any CPU.ActiveCfg = Release|Any CPU
		{44F4F9CE-CB97-4122-BF75-8F39D08F4AF9}.Release|Any CPU.Build.0 = Release|Any CPU
	EndGlobalSection
	GlobalSection(SolutionProperties) = preSolution
		HideSolutionNode = FALSE
	EndGlobalSection
	GlobalSection(ExtensibilityGlobals) = postSolution
		SolutionGuid = {6DA800A0-6A49-4D20-B832-EB48EF3E6738}
	EndGlobalSection
EndGlobal
